
Microsoft Visual Studio Solution File, Format Version 12.00
# Visual Studio Version 17
VisualStudioVersion = 17.4.33205.214
MinimumVisualStudioVersion = 10.0.40219.1
Project("{888888A0-9F3D-457C-B088-3A5042F75D52}") = "TARgv23_Aleksandra_Boitsova", "TARgv23_Aleksandra_Boitsova\TARgv23_Aleksandra_Boitsova.pyproj", "{A284EF3B-E643-49B3-8D0D-F9638A2CF237}"
EndProject
Global
	GlobalSection(SolutionConfigurationPlatforms) = preSolution
		Debug|Any CPU = Debug|Any CPU
		Release|Any CPU = Release|Any CPU
	EndGlobalSection
	GlobalSection(ProjectConfigurationPlatforms) = postSolution
		{A284EF3B-E643-49B3-8D0D-F9638A2CF237}.Debug|Any CPU.ActiveCfg = Debug|Any CPU
		{A284EF3B-E643-49B3-8D0D-F9638A2CF237}.Release|Any CPU.ActiveCfg = Release|Any CPU
	EndGlobalSection
	GlobalSection(SolutionProperties) = preSolution
		HideSolutionNode = FALSE
	EndGlobalSection
	GlobalSection(ExtensibilityGlobals) = postSolution
		SolutionGuid = {CC40D28A-C790-451F-9453-D17D73C0879A}
	EndGlobalSection
EndGlobal
